
Microsoft Visual Studio Solution File, Format Version 12.00
# Visual Studio Version 17
VisualStudioVersion = 17.4.33213.308
MinimumVisualStudioVersion = 10.0.40219.1
Project("{FAE04EC0-301F-11D3-BF4B-00C04F79EFBC}") = "PC_3WEEK", "PC_3WEEK\PC_3WEEK.csproj", "{3EBE5432-F505-46BE-AA7A-F2B342D4FCC2}"
EndProject
Global
	GlobalSection(SolutionConfigurationPlatforms) = preSolution
		Debug|Any CPU = Debug|Any CPU
		Release|Any CPU = Release|Any CPU
	EndGlobalSection
	GlobalSection(ProjectConfigurationPlatforms) = postSolution
		{3EBE5432-F505-46BE-AA7A-F2B342D4FCC2}.Debug|Any CPU.ActiveCfg = Debug|Any CPU
		{3EBE5432-F505-46BE-AA7A-F2B342D4FCC2}.Debug|Any CPU.Build.0 = Debug|Any CPU
		{3EBE5432-F505-46BE-AA7A-F2B342D4FCC2}.Release|Any CPU.ActiveCfg = Release|Any CPU
		{3EBE5432-F505-46BE-AA7A-F2B342D4FCC2}.Release|Any CPU.Build.0 = Release|Any CPU
	EndGlobalSection
	GlobalSection(SolutionProperties) = preSolution
		HideSolutionNode = FALSE
	EndGlobalSection
	GlobalSection(ExtensibilityGlobals) = postSolution
		SolutionGuid = {DB4482D7-F9B5-4F32-9DF5-4DA4329A4FA5}
	EndGlobalSection
EndGlobal
