
Microsoft Visual Studio Solution File, Format Version 12.00
# Visual Studio Version 17
VisualStudioVersion = 17.4.33213.308
MinimumVisualStudioVersion = 10.0.40219.1
Project("{FAE04EC0-301F-11D3-BF4B-00C04F79EFBC}") = "DrawPic", "DrawPic\DrawPic.csproj", "{315BBF36-CF01-4617-81C8-1C4625CF1524}"
EndProject
Global
	GlobalSection(SolutionConfigurationPlatforms) = preSolution
		Debug|Any CPU = Debug|Any CPU
		Release|Any CPU = Release|Any CPU
	EndGlobalSection
	GlobalSection(ProjectConfigurationPlatforms) = postSolution
		{315BBF36-CF01-4617-81C8-1C4625CF1524}.Debug|Any CPU.ActiveCfg = Debug|Any CPU
		{315BBF36-CF01-4617-81C8-1C4625CF1524}.Debug|Any CPU.Build.0 = Debug|Any CPU
		{315BBF36-CF01-4617-81C8-1C4625CF1524}.Release|Any CPU.ActiveCfg = Release|Any CPU
		{315BBF36-CF01-4617-81C8-1C4625CF1524}.Release|Any CPU.Build.0 = Release|Any CPU
	EndGlobalSection
	GlobalSection(SolutionProperties) = preSolution
		HideSolutionNode = FALSE
	EndGlobalSection
	GlobalSection(ExtensibilityGlobals) = postSolution
		SolutionGuid = {B966A1C5-522E-480F-98C0-B9830E82E96B}
	EndGlobalSection
EndGlobal
