
Microsoft Visual Studio Solution File, Format Version 12.00
# Visual Studio Version 17
VisualStudioVersion = 17.4.33213.308
MinimumVisualStudioVersion = 10.0.40219.1
Project("{FAE04EC0-301F-11D3-BF4B-00C04F79EFBC}") = "Homework_@", "Homework_@\Homework_@.csproj", "{7FE2E4AE-4151-4140-AF28-E133622E3BBE}"
EndProject
Global
	GlobalSection(SolutionConfigurationPlatforms) = preSolution
		Debug|Any CPU = Debug|Any CPU
		Release|Any CPU = Release|Any CPU
	EndGlobalSection
	GlobalSection(ProjectConfigurationPlatforms) = postSolution
		{7FE2E4AE-4151-4140-AF28-E133622E3BBE}.Debug|Any CPU.ActiveCfg = Debug|Any CPU
		{7FE2E4AE-4151-4140-AF28-E133622E3BBE}.Debug|Any CPU.Build.0 = Debug|Any CPU
		{7FE2E4AE-4151-4140-AF28-E133622E3BBE}.Release|Any CPU.ActiveCfg = Release|Any CPU
		{7FE2E4AE-4151-4140-AF28-E133622E3BBE}.Release|Any CPU.Build.0 = Release|Any CPU
	EndGlobalSection
	GlobalSection(SolutionProperties) = preSolution
		HideSolutionNode = FALSE
	EndGlobalSection
	GlobalSection(ExtensibilityGlobals) = postSolution
		SolutionGuid = {E3FCE3E2-42BE-41D4-82D1-B6F930A881CA}
	EndGlobalSection
EndGlobal
